
Microsoft Visual Studio Solution File, Format Version 12.00
# Visual Studio 15
VisualStudioVersion = 15.0.28307.136
MinimumVisualStudioVersion = 10.0.40219.1
Project("{8BC9CEB8-8B4A-11D0-8D11-00A0C91BC942}") = "QueuePriority2", "QueuePriority2\QueuePriority2.vcxproj", "{38EF1C9B-8E58-43BD-A237-B800175B2520}"
EndProject
Global
	GlobalSection(SolutionConfigurationPlatforms) = preSolution
		Debug|x64 = Debug|x64
		Debug|x86 = Debug|x86
		Release|x64 = Release|x64
		Release|x86 = Release|x86
	EndGlobalSection
	GlobalSection(ProjectConfigurationPlatforms) = postSolution
		{38EF1C9B-8E58-43BD-A237-B800175B2520}.Debug|x64.ActiveCfg = Debug|x64
		{38EF1C9B-8E58-43BD-A237-B800175B2520}.Debug|x64.Build.0 = Debug|x64
		{38EF1C9B-8E58-43BD-A237-B800175B2520}.Debug|x86.ActiveCfg = Debug|Win32
		{38EF1C9B-8E58-43BD-A237-B800175B2520}.Debug|x86.Build.0 = Debug|Win32
		{38EF1C9B-8E58-43BD-A237-B800175B2520}.Release|x64.ActiveCfg = Release|x64
		{38EF1C9B-8E58-43BD-A237-B800175B2520}.Release|x64.Build.0 = Release|x64
		{38EF1C9B-8E58-43BD-A237-B800175B2520}.Release|x86.ActiveCfg = Release|Win32
		{38EF1C9B-8E58-43BD-A237-B800175B2520}.Release|x86.Build.0 = Release|Win32
	EndGlobalSection
	GlobalSection(SolutionProperties) = preSolution
		HideSolutionNode = FALSE
	EndGlobalSection
	GlobalSection(ExtensibilityGlobals) = postSolution
		SolutionGuid = {10E143F1-3625-4441-BDA7-3A71E8327E34}
	EndGlobalSection
EndGlobal
